
Microsoft Visual Studio Solution File, Format Version 12.00
# Visual Studio 14
VisualStudioVersion = 14.0.25420.1
MinimumVisualStudioVersion = 10.0.40219.1
Project("{FAE04EC0-301F-11D3-BF4B-00C04F79EFBC}") = "Lazy", "Lazy\Lazy.csproj", "{6B16A514-C7FC-41B5-AFED-1B3EB4FF3D0B}"
EndProject
Project("{FAE04EC0-301F-11D3-BF4B-00C04F79EFBC}") = "Yield", "Yield\Yield.csproj", "{F90517D2-5557-4D78-A5CF-DC61EFCFB672}"
EndProject
Project("{FAE04EC0-301F-11D3-BF4B-00C04F79EFBC}") = "Delegate", "Delegate\Delegate.csproj", "{61401040-618E-470E-B00A-8CF875E87AF0}"
EndProject
Project("{FAE04EC0-301F-11D3-BF4B-00C04F79EFBC}") = "AsyncCallback", "AsyncCallback\AsyncCallback.csproj", "{DB1F3C4D-7D3C-432A-80B7-76F1389AE5F1}"
EndProject
Project("{FAE04EC0-301F-11D3-BF4B-00C04F79EFBC}") = "ActorModel", "ActorModel\ActorModel.csproj", "{04065FA3-687F-4B6B-B600-355977A09774}"
EndProject
Project("{FAE04EC0-301F-11D3-BF4B-00C04F79EFBC}") = "Mongo", "Mongo\Mongo.csproj", "{ADF48F1A-4116-4C09-983C-E3096E72E860}"
EndProject
Project("{FAE04EC0-301F-11D3-BF4B-00C04F79EFBC}") = "ActorModel2", "ActorModel2\ActorModel2.csproj", "{9C5B1993-01BE-4D06-ADC6-B5971C1E1101}"
EndProject
Project("{FAE04EC0-301F-11D3-BF4B-00C04F79EFBC}") = "BraintreeTest", "BraintreeTest\BraintreeTest.csproj", "{30E2C938-136F-4938-8030-CC8846BDE89A}"
EndProject
Project("{FAE04EC0-301F-11D3-BF4B-00C04F79EFBC}") = "AngularFormData", "AngularFormData\AngularFormData.csproj", "{DFE63D4A-2D93-4C4C-8709-976639C1005B}"
EndProject
Project("{FAE04EC0-301F-11D3-BF4B-00C04F79EFBC}") = "AkkaSignalR", "AkkaSignalR\AkkaSignalR.csproj", "{1F6496CB-2E24-4BD1-A04F-0485851BAE19}"
EndProject
Project("{FAE04EC0-301F-11D3-BF4B-00C04F79EFBC}") = "AngularAnimate", "AngularAnimate\AngularAnimate.csproj", "{6D2E4F6C-2C70-487A-B581-AD204CF4592B}"
EndProject
Project("{FAE04EC0-301F-11D3-BF4B-00C04F79EFBC}") = "SqLiteTest", "SqLiteTest\SqLiteTest.csproj", "{81B02ED2-FF68-408E-9DC5-B4AA19081D20}"
EndProject
Project("{FAE04EC0-301F-11D3-BF4B-00C04F79EFBC}") = "Testing.IndexedDB", "Testing.IndexedDB\Testing.IndexedDB.csproj", "{AAB5A1E3-5538-452C-9EF2-D750D5D4E76B}"
EndProject
Project("{FAE04EC0-301F-11D3-BF4B-00C04F79EFBC}") = "SignalRTest", "SignalRTest\SignalRTest.csproj", "{E25D46F9-85D2-4520-A718-82A79B6AB9D9}"
EndProject
Project("{FAE04EC0-301F-11D3-BF4B-00C04F79EFBC}") = "FileUploadAngular", "FileUploadAngular\FileUploadAngular.csproj", "{3D14088D-2057-4A61-98AF-5E8EBE61C125}"
EndProject
Project("{FAE04EC0-301F-11D3-BF4B-00C04F79EFBC}") = "LockTest", "LockTest\LockTest.csproj", "{37E99C62-CBF1-40A6-AC63-B5D2A7413AC4}"
EndProject
Project("{FAE04EC0-301F-11D3-BF4B-00C04F79EFBC}") = "PreferCompositionOverInheritance", "PreferCompositionOverInheritance\PreferCompositionOverInheritance.csproj", "{54781963-A735-4082-A017-AAF0E7CD5A4C}"
EndProject
Project("{FAE04EC0-301F-11D3-BF4B-00C04F79EFBC}") = "KendoUIEditor", "KendoUIEditor\KendoUIEditor.csproj", "{3F06E43A-2BF4-4D0F-A1C2-F366F92AD1F9}"
EndProject
Project("{FAE04EC0-301F-11D3-BF4B-00C04F79EFBC}") = "PhoneGapDemos", "PhoneGapDemos\PhoneGapDemos.csproj", "{EB365C47-3B35-404F-9ACA-0535A0866946}"
EndProject
Project("{FAE04EC0-301F-11D3-BF4B-00C04F79EFBC}") = "ProductsAPI", "ProductsAPI\ProductsAPI.csproj", "{D492928B-8877-4CC9-AD2D-DF3A0D32AE67}"
EndProject
Project("{FAE04EC0-301F-11D3-BF4B-00C04F79EFBC}") = "DurhamUniversity", "DurhamUniversity\DurhamUniversity.csproj", "{3345463A-B2C7-4F64-A3EB-0EA2C4186471}"
EndProject
Project("{FAE04EC0-301F-11D3-BF4B-00C04F79EFBC}") = "Expando", "Expando\Expando.csproj", "{5D32AF5F-4C7B-4EAC-8F59-F10830E80B03}"
EndProject
Project("{FAE04EC0-301F-11D3-BF4B-00C04F79EFBC}") = "AbstractClass", "AbstractClass\AbstractClass.csproj", "{4DBB6F9A-B6F8-40B2-A867-0E98B751FA8F}"
EndProject
Project("{FAE04EC0-301F-11D3-BF4B-00C04F79EFBC}") = "Caching", "Caching\Caching.csproj", "{49EE0DB8-562D-4DC5-8900-0386006C1D3E}"
EndProject
Project("{FAE04EC0-301F-11D3-BF4B-00C04F79EFBC}") = "ControllerFactory", "ControllerFactory\ControllerFactory.csproj", "{08053C28-179F-4E1A-8F23-8E0DA03BF6B7}"
EndProject
Project("{FAE04EC0-301F-11D3-BF4B-00C04F79EFBC}") = "Cookie", "Cookie\Cookie.csproj", "{E1023E51-43A2-4A0C-94D6-91885BA36E9C}"
EndProject
Project("{FAE04EC0-301F-11D3-BF4B-00C04F79EFBC}") = "CustomHTMLHelper", "CustomHTMLHelper\CustomHTMLHelper.csproj", "{E7EA72FC-48C0-4AA1-B1AF-AF35480B49CD}"
EndProject
Project("{FAE04EC0-301F-11D3-BF4B-00C04F79EFBC}") = "CustomModelBinder", "CustomModelBinder\CustomModelBinder.csproj", "{1D1FA96B-5D07-4AC4-A203-EFAB5AEAB5C5}"
EndProject
Project("{FAE04EC0-301F-11D3-BF4B-00C04F79EFBC}") = "CustomValidationAttribute", "CustomValidationAttribute\CustomValidationAttribute.csproj", "{63D1E5BB-EB96-46DC-AE8B-37683C877F2A}"
EndProject
Project("{FAE04EC0-301F-11D3-BF4B-00C04F79EFBC}") = "DecoratorPattern", "DecoratorPattern\DecoratorPattern.csproj", "{F270DEBC-C23E-4DA7-A09D-C850606C1588}"
EndProject
Project("{FAE04EC0-301F-11D3-BF4B-00C04F79EFBC}") = "ExpandoObject", "ExpandoObject\ExpandoObject.csproj", "{ED8E6661-5FF8-491D-8FCF-5F113767781B}"
EndProject
Project("{FAE04EC0-301F-11D3-BF4B-00C04F79EFBC}") = "IClientValidatable", "IClientValidatable\IClientValidatable.csproj", "{3CFD5B1C-9CB2-4810-B391-F744F9BC0DED}"
EndProject
Project("{FAE04EC0-301F-11D3-BF4B-00C04F79EFBC}") = "IEnumerableModelBinding", "IEnumerableModelBinding\IEnumerableModelBinding.csproj", "{951DD712-B9AC-426E-8C7F-88CC09FDADB8}"
EndProject
Project("{FAE04EC0-301F-11D3-BF4B-00C04F79EFBC}") = "InheritanceAndComposition", "InheritanceAndComposition\InheritanceAndComposition.csproj", "{DDF72EA3-E18C-4745-AF5D-B98C6C1DEE5F}"
EndProject
Project("{FAE04EC0-301F-11D3-BF4B-00C04F79EFBC}") = "List2XML", "List2XML\List2XML.csproj", "{B29B6CC7-43D7-4F75-812E-8B5E841E74CC}"
EndProject
Project("{FAE04EC0-301F-11D3-BF4B-00C04F79EFBC}") = "MediaQueries", "MediaQueries\MediaQueries.csproj", "{CA3A1825-3816-4F9A-904E-78C39343EE46}"
EndProject
Project("{FAE04EC0-301F-11D3-BF4B-00C04F79EFBC}") = "ModalDialog", "ModalDialog\ModalDialog.csproj", "{B1759273-7A26-4F44-9ABF-1D181BE80783}"
EndProject
Project("{FAE04EC0-301F-11D3-BF4B-00C04F79EFBC}") = "MVCwithMEF", "MVCwithMEF\MVCwithMEF.csproj", "{68A29C69-245D-4410-862F-2484CA514FAB}"
EndProject
Project("{FAE04EC0-301F-11D3-BF4B-00C04F79EFBC}") = "OOP", "OOP\OOP.csproj", "{89EC6D84-7A5B-4B9C-AC1E-299EBD855749}"
EndProject
Project("{FAE04EC0-301F-11D3-BF4B-00C04F79EFBC}") = "PartialClass", "PartialClass\PartialClass.csproj", "{74E4DAEA-D453-4E2F-8582-1394324CDAF4}"
EndProject
Project("{FAE04EC0-301F-11D3-BF4B-00C04F79EFBC}") = "PretendingWebFormAndRedirectPermanent", "PretendingWebForm\PretendingWebFormAndRedirectPermanent.csproj", "{876B5798-2296-4AF9-9AB6-780F9D7CF7E4}"
EndProject
Project("{FAE04EC0-301F-11D3-BF4B-00C04F79EFBC}") = "Procedural", "Procedural\Procedural.csproj", "{7C566CB1-1F1D-431F-B1D1-3D9E9F99380B}"
EndProject
Project("{FAE04EC0-301F-11D3-BF4B-00C04F79EFBC}") = "RadioButtonFilteringWebForm", "RadioButtonFilteringWebForm\RadioButtonFilteringWebForm.csproj", "{F69B98A2-400C-4CCC-AE80-E6CB0454A2EB}"
EndProject
Project("{FAE04EC0-301F-11D3-BF4B-00C04F79EFBC}") = "KatanaIntro", "KatanaIntro\KatanaIntro.csproj", "{099C116A-1ED3-4A39-A4ED-E35D3F548DF3}"
EndProject
Project("{FAE04EC0-301F-11D3-BF4B-00C04F79EFBC}") = "JavascriptTimer", "JavascriptTimer\JavascriptTimer.csproj", "{4CAC67D6-823B-45D1-A78E-7B8FFFE7DEF8}"
EndProject
Project("{FAE04EC0-301F-11D3-BF4B-00C04F79EFBC}") = "ValidationObjects", "ValidationObjects\ValidationObjects.csproj", "{2B9EBF14-F3AD-4CE9-A26A-1CB75D585427}"
EndProject
Project("{FAE04EC0-301F-11D3-BF4B-00C04F79EFBC}") = "UsingInsideOrOutsideNamespace", "UsingInsideOrOutsideNamespace\UsingInsideOrOutsideNamespace.csproj", "{C133B2E5-122B-4204-A7A5-1AD01DE6F3B5}"
EndProject
Project("{FAE04EC0-301F-11D3-BF4B-00C04F79EFBC}") = "CustomExtensionMethod", "StringExtensionMethod\CustomExtensionMethod.csproj", "{F7B9B9B4-C3BE-43F6-BAF6-84FD0C719982}"
EndProject
Project("{FAE04EC0-301F-11D3-BF4B-00C04F79EFBC}") = "Strategy", "Strategy\Strategy.csproj", "{6E404CB0-A313-4E44-9077-8242A6C72DD0}"
EndProject
Project("{FAE04EC0-301F-11D3-BF4B-00C04F79EFBC}") = "SingletonPattern", "SingletonPattern\SingletonPattern.csproj", "{9A8A946C-422C-404A-B2D1-3567290CB91B}"
EndProject
Project("{FAE04EC0-301F-11D3-BF4B-00C04F79EFBC}") = "SignalR", "SignalR\SignalR.csproj", "{8FBA461C-52D3-4489-8516-295934111D79}"
EndProject
Project("{FAE04EC0-301F-11D3-BF4B-00C04F79EFBC}") = "Reflection.Module", "Reflection.Module\Reflection.Module.csproj", "{E9009906-855F-40D8-BBB9-750B7370DA71}"
EndProject
Project("{FAE04EC0-301F-11D3-BF4B-00C04F79EFBC}") = "ReactiveExtensions", "ReactiveExtensions\ReactiveExtensions.csproj", "{73C94E3B-A951-4F73-8D70-7C5C35E3D56A}"
EndProject
Project("{FAE04EC0-301F-11D3-BF4B-00C04F79EFBC}") = "NuGetServer", "NuGetServer\NuGetServer.csproj", "{8661B8B8-8BA8-415B-8437-D6AE674460E5}"
EndProject
Project("{FAE04EC0-301F-11D3-BF4B-00C04F79EFBC}") = "OWINSelfHostWebAPI", "OWINSelfHostWebAPI\OWINSelfHostWebAPI.csproj", "{FF5FC4EB-1ACC-47D4-AA31-B3CF40339D56}"
EndProject
Global
	GlobalSection(SolutionConfigurationPlatforms) = preSolution
		Debug|Any CPU = Debug|Any CPU
		Debug|x86 = Debug|x86
		Release|Any CPU = Release|Any CPU
		Release|x86 = Release|x86
	EndGlobalSection
	GlobalSection(ProjectConfigurationPlatforms) = postSolution
		{6B16A514-C7FC-41B5-AFED-1B3EB4FF3D0B}.Debug|Any CPU.ActiveCfg = Debug|Any CPU
		{6B16A514-C7FC-41B5-AFED-1B3EB4FF3D0B}.Debug|Any CPU.Build.0 = Debug|Any CPU
		{6B16A514-C7FC-41B5-AFED-1B3EB4FF3D0B}.Debug|x86.ActiveCfg = Debug|Any CPU
		{6B16A514-C7FC-41B5-AFED-1B3EB4FF3D0B}.Debug|x86.Build.0 = Debug|Any CPU
		{6B16A514-C7FC-41B5-AFED-1B3EB4FF3D0B}.Release|Any CPU.ActiveCfg = Release|Any CPU
		{6B16A514-C7FC-41B5-AFED-1B3EB4FF3D0B}.Release|Any CPU.Build.0 = Release|Any CPU
		{6B16A514-C7FC-41B5-AFED-1B3EB4FF3D0B}.Release|x86.ActiveCfg = Release|Any CPU
		{6B16A514-C7FC-41B5-AFED-1B3EB4FF3D0B}.Release|x86.Build.0 = Release|Any CPU
		{F90517D2-5557-4D78-A5CF-DC61EFCFB672}.Debug|Any CPU.ActiveCfg = Debug|Any CPU
		{F90517D2-5557-4D78-A5CF-DC61EFCFB672}.Debug|Any CPU.Build.0 = Debug|Any CPU
		{F90517D2-5557-4D78-A5CF-DC61EFCFB672}.Debug|x86.ActiveCfg = Debug|Any CPU
		{F90517D2-5557-4D78-A5CF-DC61EFCFB672}.Debug|x86.Build.0 = Debug|Any CPU
		{F90517D2-5557-4D78-A5CF-DC61EFCFB672}.Release|Any CPU.ActiveCfg = Release|Any CPU
		{F90517D2-5557-4D78-A5CF-DC61EFCFB672}.Release|Any CPU.Build.0 = Release|Any CPU
		{F90517D2-5557-4D78-A5CF-DC61EFCFB672}.Release|x86.ActiveCfg = Release|Any CPU
		{F90517D2-5557-4D78-A5CF-DC61EFCFB672}.Release|x86.Build.0 = Release|Any CPU
		{61401040-618E-470E-B00A-8CF875E87AF0}.Debug|Any CPU.ActiveCfg = Debug|Any CPU
		{61401040-618E-470E-B00A-8CF875E87AF0}.Debug|Any CPU.Build.0 = Debug|Any CPU
		{61401040-618E-470E-B00A-8CF875E87AF0}.Debug|x86.ActiveCfg = Debug|Any CPU
		{61401040-618E-470E-B00A-8CF875E87AF0}.Debug|x86.Build.0 = Debug|Any CPU
		{61401040-618E-470E-B00A-8CF875E87AF0}.Release|Any CPU.ActiveCfg = Release|Any CPU
		{61401040-618E-470E-B00A-8CF875E87AF0}.Release|Any CPU.Build.0 = Release|Any CPU
		{61401040-618E-470E-B00A-8CF875E87AF0}.Release|x86.ActiveCfg = Release|Any CPU
		{61401040-618E-470E-B00A-8CF875E87AF0}.Release|x86.Build.0 = Release|Any CPU
		{DB1F3C4D-7D3C-432A-80B7-76F1389AE5F1}.Debug|Any CPU.ActiveCfg = Debug|Any CPU
		{DB1F3C4D-7D3C-432A-80B7-76F1389AE5F1}.Debug|Any CPU.Build.0 = Debug|Any CPU
		{DB1F3C4D-7D3C-432A-80B7-76F1389AE5F1}.Debug|x86.ActiveCfg = Debug|Any CPU
		{DB1F3C4D-7D3C-432A-80B7-76F1389AE5F1}.Debug|x86.Build.0 = Debug|Any CPU
		{DB1F3C4D-7D3C-432A-80B7-76F1389AE5F1}.Release|Any CPU.ActiveCfg = Release|Any CPU
		{DB1F3C4D-7D3C-432A-80B7-76F1389AE5F1}.Release|Any CPU.Build.0 = Release|Any CPU
		{DB1F3C4D-7D3C-432A-80B7-76F1389AE5F1}.Release|x86.ActiveCfg = Release|Any CPU
		{DB1F3C4D-7D3C-432A-80B7-76F1389AE5F1}.Release|x86.Build.0 = Release|Any CPU
		{04065FA3-687F-4B6B-B600-355977A09774}.Debug|Any CPU.ActiveCfg = Debug|Any CPU
		{04065FA3-687F-4B6B-B600-355977A09774}.Debug|Any CPU.Build.0 = Debug|Any CPU
		{04065FA3-687F-4B6B-B600-355977A09774}.Debug|x86.ActiveCfg = Debug|Any CPU
		{04065FA3-687F-4B6B-B600-355977A09774}.Debug|x86.Build.0 = Debug|Any CPU
		{04065FA3-687F-4B6B-B600-355977A09774}.Release|Any CPU.ActiveCfg = Release|Any CPU
		{04065FA3-687F-4B6B-B600-355977A09774}.Release|Any CPU.Build.0 = Release|Any CPU
		{04065FA3-687F-4B6B-B600-355977A09774}.Release|x86.ActiveCfg = Release|Any CPU
		{04065FA3-687F-4B6B-B600-355977A09774}.Release|x86.Build.0 = Release|Any CPU
		{ADF48F1A-4116-4C09-983C-E3096E72E860}.Debug|Any CPU.ActiveCfg = Debug|Any CPU
		{ADF48F1A-4116-4C09-983C-E3096E72E860}.Debug|Any CPU.Build.0 = Debug|Any CPU
		{ADF48F1A-4116-4C09-983C-E3096E72E860}.Debug|x86.ActiveCfg = Debug|Any CPU
		{ADF48F1A-4116-4C09-983C-E3096E72E860}.Debug|x86.Build.0 = Debug|Any CPU
		{ADF48F1A-4116-4C09-983C-E3096E72E860}.Release|Any CPU.ActiveCfg = Release|Any CPU
		{ADF48F1A-4116-4C09-983C-E3096E72E860}.Release|Any CPU.Build.0 = Release|Any CPU
		{ADF48F1A-4116-4C09-983C-E3096E72E860}.Release|x86.ActiveCfg = Release|Any CPU
		{ADF48F1A-4116-4C09-983C-E3096E72E860}.Release|x86.Build.0 = Release|Any CPU
		{9C5B1993-01BE-4D06-ADC6-B5971C1E1101}.Debug|Any CPU.ActiveCfg = Debug|Any CPU
		{9C5B1993-01BE-4D06-ADC6-B5971C1E1101}.Debug|Any CPU.Build.0 = Debug|Any CPU
		{9C5B1993-01BE-4D06-ADC6-B5971C1E1101}.Debug|x86.ActiveCfg = Debug|Any CPU
		{9C5B1993-01BE-4D06-ADC6-B5971C1E1101}.Debug|x86.Build.0 = Debug|Any CPU
		{9C5B1993-01BE-4D06-ADC6-B5971C1E1101}.Release|Any CPU.ActiveCfg = Release|Any CPU
		{9C5B1993-01BE-4D06-ADC6-B5971C1E1101}.Release|Any CPU.Build.0 = Release|Any CPU
		{9C5B1993-01BE-4D06-ADC6-B5971C1E1101}.Release|x86.ActiveCfg = Release|Any CPU
		{9C5B1993-01BE-4D06-ADC6-B5971C1E1101}.Release|x86.Build.0 = Release|Any CPU
		{30E2C938-136F-4938-8030-CC8846BDE89A}.Debug|Any CPU.ActiveCfg = Debug|Any CPU
		{30E2C938-136F-4938-8030-CC8846BDE89A}.Debug|Any CPU.Build.0 = Debug|Any CPU
		{30E2C938-136F-4938-8030-CC8846BDE89A}.Debug|x86.ActiveCfg = Debug|Any CPU
		{30E2C938-136F-4938-8030-CC8846BDE89A}.Debug|x86.Build.0 = Debug|Any CPU
		{30E2C938-136F-4938-8030-CC8846BDE89A}.Release|Any CPU.ActiveCfg = Release|Any CPU
		{30E2C938-136F-4938-8030-CC8846BDE89A}.Release|Any CPU.Build.0 = Release|Any CPU
		{30E2C938-136F-4938-8030-CC8846BDE89A}.Release|x86.ActiveCfg = Release|Any CPU
		{30E2C938-136F-4938-8030-CC8846BDE89A}.Release|x86.Build.0 = Release|Any CPU
		{DFE63D4A-2D93-4C4C-8709-976639C1005B}.Debug|Any CPU.ActiveCfg = Debug|Any CPU
		{DFE63D4A-2D93-4C4C-8709-976639C1005B}.Debug|Any CPU.Build.0 = Debug|Any CPU
		{DFE63D4A-2D93-4C4C-8709-976639C1005B}.Debug|x86.ActiveCfg = Debug|Any CPU
		{DFE63D4A-2D93-4C4C-8709-976639C1005B}.Debug|x86.Build.0 = Debug|Any CPU
		{DFE63D4A-2D93-4C4C-8709-976639C1005B}.Release|Any CPU.ActiveCfg = Release|Any CPU
		{DFE63D4A-2D93-4C4C-8709-976639C1005B}.Release|Any CPU.Build.0 = Release|Any CPU
		{DFE63D4A-2D93-4C4C-8709-976639C1005B}.Release|x86.ActiveCfg = Release|Any CPU
		{DFE63D4A-2D93-4C4C-8709-976639C1005B}.Release|x86.Build.0 = Release|Any CPU
		{1F6496CB-2E24-4BD1-A04F-0485851BAE19}.Debug|Any CPU.ActiveCfg = Debug|Any CPU
		{1F6496CB-2E24-4BD1-A04F-0485851BAE19}.Debug|Any CPU.Build.0 = Debug|Any CPU
		{1F6496CB-2E24-4BD1-A04F-0485851BAE19}.Debug|x86.ActiveCfg = Debug|Any CPU
		{1F6496CB-2E24-4BD1-A04F-0485851BAE19}.Debug|x86.Build.0 = Debug|Any CPU
		{1F6496CB-2E24-4BD1-A04F-0485851BAE19}.Release|Any CPU.ActiveCfg = Release|Any CPU
		{1F6496CB-2E24-4BD1-A04F-0485851BAE19}.Release|Any CPU.Build.0 = Release|Any CPU
		{1F6496CB-2E24-4BD1-A04F-0485851BAE19}.Release|x86.ActiveCfg = Release|Any CPU
		{1F6496CB-2E24-4BD1-A04F-0485851BAE19}.Release|x86.Build.0 = Release|Any CPU
		{6D2E4F6C-2C70-487A-B581-AD204CF4592B}.Debug|Any CPU.ActiveCfg = Debug|Any CPU
		{6D2E4F6C-2C70-487A-B581-AD204CF4592B}.Debug|Any CPU.Build.0 = Debug|Any CPU
		{6D2E4F6C-2C70-487A-B581-AD204CF4592B}.Debug|x86.ActiveCfg = Debug|Any CPU
		{6D2E4F6C-2C70-487A-B581-AD204CF4592B}.Debug|x86.Build.0 = Debug|Any CPU
		{6D2E4F6C-2C70-487A-B581-AD204CF4592B}.Release|Any CPU.ActiveCfg = Release|Any CPU
		{6D2E4F6C-2C70-487A-B581-AD204CF4592B}.Release|Any CPU.Build.0 = Release|Any CPU
		{6D2E4F6C-2C70-487A-B581-AD204CF4592B}.Release|x86.ActiveCfg = Release|Any CPU
		{6D2E4F6C-2C70-487A-B581-AD204CF4592B}.Release|x86.Build.0 = Release|Any CPU
		{81B02ED2-FF68-408E-9DC5-B4AA19081D20}.Debug|Any CPU.ActiveCfg = Debug|Any CPU
		{81B02ED2-FF68-408E-9DC5-B4AA19081D20}.Debug|Any CPU.Build.0 = Debug|Any CPU
		{81B02ED2-FF68-408E-9DC5-B4AA19081D20}.Debug|x86.ActiveCfg = Debug|Any CPU
		{81B02ED2-FF68-408E-9DC5-B4AA19081D20}.Debug|x86.Build.0 = Debug|Any CPU
		{81B02ED2-FF68-408E-9DC5-B4AA19081D20}.Release|Any CPU.ActiveCfg = Release|Any CPU
		{81B02ED2-FF68-408E-9DC5-B4AA19081D20}.Release|Any CPU.Build.0 = Release|Any CPU
		{81B02ED2-FF68-408E-9DC5-B4AA19081D20}.Release|x86.ActiveCfg = Release|Any CPU
		{81B02ED2-FF68-408E-9DC5-B4AA19081D20}.Release|x86.Build.0 = Release|Any CPU
		{AAB5A1E3-5538-452C-9EF2-D750D5D4E76B}.Debug|Any CPU.ActiveCfg = Debug|Any CPU
		{AAB5A1E3-5538-452C-9EF2-D750D5D4E76B}.Debug|Any CPU.Build.0 = Debug|Any CPU
		{AAB5A1E3-5538-452C-9EF2-D750D5D4E76B}.Debug|x86.ActiveCfg = Debug|Any CPU
		{AAB5A1E3-5538-452C-9EF2-D750D5D4E76B}.Debug|x86.Build.0 = Debug|Any CPU
		{AAB5A1E3-5538-452C-9EF2-D750D5D4E76B}.Release|Any CPU.ActiveCfg = Release|Any CPU
		{AAB5A1E3-5538-452C-9EF2-D750D5D4E76B}.Release|Any CPU.Build.0 = Release|Any CPU
		{AAB5A1E3-5538-452C-9EF2-D750D5D4E76B}.Release|x86.ActiveCfg = Release|Any CPU
		{AAB5A1E3-5538-452C-9EF2-D750D5D4E76B}.Release|x86.Build.0 = Release|Any CPU
		{E25D46F9-85D2-4520-A718-82A79B6AB9D9}.Debug|Any CPU.ActiveCfg = Debug|Any CPU
		{E25D46F9-85D2-4520-A718-82A79B6AB9D9}.Debug|Any CPU.Build.0 = Debug|Any CPU
		{E25D46F9-85D2-4520-A718-82A79B6AB9D9}.Debug|x86.ActiveCfg = Debug|Any CPU
		{E25D46F9-85D2-4520-A718-82A79B6AB9D9}.Debug|x86.Build.0 = Debug|Any CPU
		{E25D46F9-85D2-4520-A718-82A79B6AB9D9}.Release|Any CPU.ActiveCfg = Release|Any CPU
		{E25D46F9-85D2-4520-A718-82A79B6AB9D9}.Release|Any CPU.Build.0 = Release|Any CPU
		{E25D46F9-85D2-4520-A718-82A79B6AB9D9}.Release|x86.ActiveCfg = Release|Any CPU
		{E25D46F9-85D2-4520-A718-82A79B6AB9D9}.Release|x86.Build.0 = Release|Any CPU
		{3D14088D-2057-4A61-98AF-5E8EBE61C125}.Debug|Any CPU.ActiveCfg = Debug|Any CPU
		{3D14088D-2057-4A61-98AF-5E8EBE61C125}.Debug|Any CPU.Build.0 = Debug|Any CPU
		{3D14088D-2057-4A61-98AF-5E8EBE61C125}.Debug|x86.ActiveCfg = Debug|Any CPU
		{3D14088D-2057-4A61-98AF-5E8EBE61C125}.Debug|x86.Build.0 = Debug|Any CPU
		{3D14088D-2057-4A61-98AF-5E8EBE61C125}.Release|Any CPU.ActiveCfg = Release|Any CPU
		{3D14088D-2057-4A61-98AF-5E8EBE61C125}.Release|Any CPU.Build.0 = Release|Any CPU
		{3D14088D-2057-4A61-98AF-5E8EBE61C125}.Release|x86.ActiveCfg = Release|Any CPU
		{3D14088D-2057-4A61-98AF-5E8EBE61C125}.Release|x86.Build.0 = Release|Any CPU
		{37E99C62-CBF1-40A6-AC63-B5D2A7413AC4}.Debug|Any CPU.ActiveCfg = Debug|Any CPU
		{37E99C62-CBF1-40A6-AC63-B5D2A7413AC4}.Debug|Any CPU.Build.0 = Debug|Any CPU
		{37E99C62-CBF1-40A6-AC63-B5D2A7413AC4}.Debug|x86.ActiveCfg = Debug|Any CPU
		{37E99C62-CBF1-40A6-AC63-B5D2A7413AC4}.Debug|x86.Build.0 = Debug|Any CPU
		{37E99C62-CBF1-40A6-AC63-B5D2A7413AC4}.Release|Any CPU.ActiveCfg = Release|Any CPU
		{37E99C62-CBF1-40A6-AC63-B5D2A7413AC4}.Release|Any CPU.Build.0 = Release|Any CPU
		{37E99C62-CBF1-40A6-AC63-B5D2A7413AC4}.Release|x86.ActiveCfg = Release|Any CPU
		{37E99C62-CBF1-40A6-AC63-B5D2A7413AC4}.Release|x86.Build.0 = Release|Any CPU
		{54781963-A735-4082-A017-AAF0E7CD5A4C}.Debug|Any CPU.ActiveCfg = Debug|Any CPU
		{54781963-A735-4082-A017-AAF0E7CD5A4C}.Debug|Any CPU.Build.0 = Debug|Any CPU
		{54781963-A735-4082-A017-AAF0E7CD5A4C}.Debug|x86.ActiveCfg = Debug|Any CPU
		{54781963-A735-4082-A017-AAF0E7CD5A4C}.Debug|x86.Build.0 = Debug|Any CPU
		{54781963-A735-4082-A017-AAF0E7CD5A4C}.Release|Any CPU.ActiveCfg = Release|Any CPU
		{54781963-A735-4082-A017-AAF0E7CD5A4C}.Release|Any CPU.Build.0 = Release|Any CPU
		{54781963-A735-4082-A017-AAF0E7CD5A4C}.Release|x86.ActiveCfg = Release|Any CPU
		{54781963-A735-4082-A017-AAF0E7CD5A4C}.Release|x86.Build.0 = Release|Any CPU
		{3F06E43A-2BF4-4D0F-A1C2-F366F92AD1F9}.Debug|Any CPU.ActiveCfg = Debug|Any CPU
		{3F06E43A-2BF4-4D0F-A1C2-F366F92AD1F9}.Debug|Any CPU.Build.0 = Debug|Any CPU
		{3F06E43A-2BF4-4D0F-A1C2-F366F92AD1F9}.Debug|x86.ActiveCfg = Debug|Any CPU
		{3F06E43A-2BF4-4D0F-A1C2-F366F92AD1F9}.Debug|x86.Build.0 = Debug|Any CPU
		{3F06E43A-2BF4-4D0F-A1C2-F366F92AD1F9}.Release|Any CPU.ActiveCfg = Release|Any CPU
		{3F06E43A-2BF4-4D0F-A1C2-F366F92AD1F9}.Release|Any CPU.Build.0 = Release|Any CPU
		{3F06E43A-2BF4-4D0F-A1C2-F366F92AD1F9}.Release|x86.ActiveCfg = Release|Any CPU
		{3F06E43A-2BF4-4D0F-A1C2-F366F92AD1F9}.Release|x86.Build.0 = Release|Any CPU
		{EB365C47-3B35-404F-9ACA-0535A0866946}.Debug|Any CPU.ActiveCfg = Debug|Any CPU
		{EB365C47-3B35-404F-9ACA-0535A0866946}.Debug|Any CPU.Build.0 = Debug|Any CPU
		{EB365C47-3B35-404F-9ACA-0535A0866946}.Debug|x86.ActiveCfg = Debug|Any CPU
		{EB365C47-3B35-404F-9ACA-0535A0866946}.Debug|x86.Build.0 = Debug|Any CPU
		{EB365C47-3B35-404F-9ACA-0535A0866946}.Release|Any CPU.ActiveCfg = Release|Any CPU
		{EB365C47-3B35-404F-9ACA-0535A0866946}.Release|Any CPU.Build.0 = Release|Any CPU
		{EB365C47-3B35-404F-9ACA-0535A0866946}.Release|x86.ActiveCfg = Release|Any CPU
		{EB365C47-3B35-404F-9ACA-0535A0866946}.Release|x86.Build.0 = Release|Any CPU
		{D492928B-8877-4CC9-AD2D-DF3A0D32AE67}.Debug|Any CPU.ActiveCfg = Debug|Any CPU
		{D492928B-8877-4CC9-AD2D-DF3A0D32AE67}.Debug|Any CPU.Build.0 = Debug|Any CPU
		{D492928B-8877-4CC9-AD2D-DF3A0D32AE67}.Debug|x86.ActiveCfg = Debug|Any CPU
		{D492928B-8877-4CC9-AD2D-DF3A0D32AE67}.Debug|x86.Build.0 = Debug|Any CPU
		{D492928B-8877-4CC9-AD2D-DF3A0D32AE67}.Release|Any CPU.ActiveCfg = Release|Any CPU
		{D492928B-8877-4CC9-AD2D-DF3A0D32AE67}.Release|Any CPU.Build.0 = Release|Any CPU
		{D492928B-8877-4CC9-AD2D-DF3A0D32AE67}.Release|x86.ActiveCfg = Release|Any CPU
		{D492928B-8877-4CC9-AD2D-DF3A0D32AE67}.Release|x86.Build.0 = Release|Any CPU
		{3345463A-B2C7-4F64-A3EB-0EA2C4186471}.Debug|Any CPU.ActiveCfg = Debug|Any CPU
		{3345463A-B2C7-4F64-A3EB-0EA2C4186471}.Debug|Any CPU.Build.0 = Debug|Any CPU
		{3345463A-B2C7-4F64-A3EB-0EA2C4186471}.Debug|x86.ActiveCfg = Debug|Any CPU
		{3345463A-B2C7-4F64-A3EB-0EA2C4186471}.Debug|x86.Build.0 = Debug|Any CPU
		{3345463A-B2C7-4F64-A3EB-0EA2C4186471}.Release|Any CPU.ActiveCfg = Release|Any CPU
		{3345463A-B2C7-4F64-A3EB-0EA2C4186471}.Release|Any CPU.Build.0 = Release|Any CPU
		{3345463A-B2C7-4F64-A3EB-0EA2C4186471}.Release|x86.ActiveCfg = Release|Any CPU
		{3345463A-B2C7-4F64-A3EB-0EA2C4186471}.Release|x86.Build.0 = Release|Any CPU
		{5D32AF5F-4C7B-4EAC-8F59-F10830E80B03}.Debug|Any CPU.ActiveCfg = Debug|x86
		{5D32AF5F-4C7B-4EAC-8F59-F10830E80B03}.Debug|x86.ActiveCfg = Debug|x86
		{5D32AF5F-4C7B-4EAC-8F59-F10830E80B03}.Debug|x86.Build.0 = Debug|x86
		{5D32AF5F-4C7B-4EAC-8F59-F10830E80B03}.Release|Any CPU.ActiveCfg = Release|x86
		{5D32AF5F-4C7B-4EAC-8F59-F10830E80B03}.Release|x86.ActiveCfg = Release|x86
		{5D32AF5F-4C7B-4EAC-8F59-F10830E80B03}.Release|x86.Build.0 = Release|x86
		{4DBB6F9A-B6F8-40B2-A867-0E98B751FA8F}.Debug|Any CPU.ActiveCfg = Debug|Any CPU
		{4DBB6F9A-B6F8-40B2-A867-0E98B751FA8F}.Debug|Any CPU.Build.0 = Debug|Any CPU
		{4DBB6F9A-B6F8-40B2-A867-0E98B751FA8F}.Debug|x86.ActiveCfg = Debug|Any CPU
		{4DBB6F9A-B6F8-40B2-A867-0E98B751FA8F}.Debug|x86.Build.0 = Debug|Any CPU
		{4DBB6F9A-B6F8-40B2-A867-0E98B751FA8F}.Release|Any CPU.ActiveCfg = Release|Any CPU
		{4DBB6F9A-B6F8-40B2-A867-0E98B751FA8F}.Release|Any CPU.Build.0 = Release|Any CPU
		{4DBB6F9A-B6F8-40B2-A867-0E98B751FA8F}.Release|x86.ActiveCfg = Release|Any CPU
		{4DBB6F9A-B6F8-40B2-A867-0E98B751FA8F}.Release|x86.Build.0 = Release|Any CPU
		{49EE0DB8-562D-4DC5-8900-0386006C1D3E}.Debug|Any CPU.ActiveCfg = Debug|Any CPU
		{49EE0DB8-562D-4DC5-8900-0386006C1D3E}.Debug|Any CPU.Build.0 = Debug|Any CPU
		{49EE0DB8-562D-4DC5-8900-0386006C1D3E}.Debug|x86.ActiveCfg = Debug|Any CPU
		{49EE0DB8-562D-4DC5-8900-0386006C1D3E}.Debug|x86.Build.0 = Debug|Any CPU
		{49EE0DB8-562D-4DC5-8900-0386006C1D3E}.Release|Any CPU.ActiveCfg = Release|Any CPU
		{49EE0DB8-562D-4DC5-8900-0386006C1D3E}.Release|Any CPU.Build.0 = Release|Any CPU
		{49EE0DB8-562D-4DC5-8900-0386006C1D3E}.Release|x86.ActiveCfg = Release|Any CPU
		{49EE0DB8-562D-4DC5-8900-0386006C1D3E}.Release|x86.Build.0 = Release|Any CPU
		{08053C28-179F-4E1A-8F23-8E0DA03BF6B7}.Debug|Any CPU.ActiveCfg = Debug|Any CPU
		{08053C28-179F-4E1A-8F23-8E0DA03BF6B7}.Debug|Any CPU.Build.0 = Debug|Any CPU
		{08053C28-179F-4E1A-8F23-8E0DA03BF6B7}.Debug|x86.ActiveCfg = Debug|Any CPU
		{08053C28-179F-4E1A-8F23-8E0DA03BF6B7}.Debug|x86.Build.0 = Debug|Any CPU
		{08053C28-179F-4E1A-8F23-8E0DA03BF6B7}.Release|Any CPU.ActiveCfg = Release|Any CPU
		{08053C28-179F-4E1A-8F23-8E0DA03BF6B7}.Release|Any CPU.Build.0 = Release|Any CPU
		{08053C28-179F-4E1A-8F23-8E0DA03BF6B7}.Release|x86.ActiveCfg = Release|Any CPU
		{08053C28-179F-4E1A-8F23-8E0DA03BF6B7}.Release|x86.Build.0 = Release|Any CPU
		{E1023E51-43A2-4A0C-94D6-91885BA36E9C}.Debug|Any CPU.ActiveCfg = Debug|Any CPU
		{E1023E51-43A2-4A0C-94D6-91885BA36E9C}.Debug|Any CPU.Build.0 = Debug|Any CPU
		{E1023E51-43A2-4A0C-94D6-91885BA36E9C}.Debug|x86.ActiveCfg = Debug|Any CPU
		{E1023E51-43A2-4A0C-94D6-91885BA36E9C}.Debug|x86.Build.0 = Debug|Any CPU
		{E1023E51-43A2-4A0C-94D6-91885BA36E9C}.Release|Any CPU.ActiveCfg = Release|Any CPU
		{E1023E51-43A2-4A0C-94D6-91885BA36E9C}.Release|Any CPU.Build.0 = Release|Any CPU
		{E1023E51-43A2-4A0C-94D6-91885BA36E9C}.Release|x86.ActiveCfg = Release|Any CPU
		{E1023E51-43A2-4A0C-94D6-91885BA36E9C}.Release|x86.Build.0 = Release|Any CPU
		{E7EA72FC-48C0-4AA1-B1AF-AF35480B49CD}.Debug|Any CPU.ActiveCfg = Debug|Any CPU
		{E7EA72FC-48C0-4AA1-B1AF-AF35480B49CD}.Debug|Any CPU.Build.0 = Debug|Any CPU
		{E7EA72FC-48C0-4AA1-B1AF-AF35480B49CD}.Debug|x86.ActiveCfg = Debug|Any CPU
		{E7EA72FC-48C0-4AA1-B1AF-AF35480B49CD}.Debug|x86.Build.0 = Debug|Any CPU
		{E7EA72FC-48C0-4AA1-B1AF-AF35480B49CD}.Release|Any CPU.ActiveCfg = Release|Any CPU
		{E7EA72FC-48C0-4AA1-B1AF-AF35480B49CD}.Release|Any CPU.Build.0 = Release|Any CPU
		{E7EA72FC-48C0-4AA1-B1AF-AF35480B49CD}.Release|x86.ActiveCfg = Release|Any CPU
		{E7EA72FC-48C0-4AA1-B1AF-AF35480B49CD}.Release|x86.Build.0 = Release|Any CPU
		{1D1FA96B-5D07-4AC4-A203-EFAB5AEAB5C5}.Debug|Any CPU.ActiveCfg = Debug|Any CPU
		{1D1FA96B-5D07-4AC4-A203-EFAB5AEAB5C5}.Debug|Any CPU.Build.0 = Debug|Any CPU
		{1D1FA96B-5D07-4AC4-A203-EFAB5AEAB5C5}.Debug|x86.ActiveCfg = Debug|Any CPU
		{1D1FA96B-5D07-4AC4-A203-EFAB5AEAB5C5}.Debug|x86.Build.0 = Debug|Any CPU
		{1D1FA96B-5D07-4AC4-A203-EFAB5AEAB5C5}.Release|Any CPU.ActiveCfg = Release|Any CPU
		{1D1FA96B-5D07-4AC4-A203-EFAB5AEAB5C5}.Release|Any CPU.Build.0 = Release|Any CPU
		{1D1FA96B-5D07-4AC4-A203-EFAB5AEAB5C5}.Release|x86.ActiveCfg = Release|Any CPU
		{1D1FA96B-5D07-4AC4-A203-EFAB5AEAB5C5}.Release|x86.Build.0 = Release|Any CPU
		{63D1E5BB-EB96-46DC-AE8B-37683C877F2A}.Debug|Any CPU.ActiveCfg = Debug|Any CPU
		{63D1E5BB-EB96-46DC-AE8B-37683C877F2A}.Debug|Any CPU.Build.0 = Debug|Any CPU
		{63D1E5BB-EB96-46DC-AE8B-37683C877F2A}.Debug|x86.ActiveCfg = Debug|Any CPU
		{63D1E5BB-EB96-46DC-AE8B-37683C877F2A}.Debug|x86.Build.0 = Debug|Any CPU
		{63D1E5BB-EB96-46DC-AE8B-37683C877F2A}.Release|Any CPU.ActiveCfg = Release|Any CPU
		{63D1E5BB-EB96-46DC-AE8B-37683C877F2A}.Release|Any CPU.Build.0 = Release|Any CPU
		{63D1E5BB-EB96-46DC-AE8B-37683C877F2A}.Release|x86.ActiveCfg = Release|Any CPU
		{63D1E5BB-EB96-46DC-AE8B-37683C877F2A}.Release|x86.Build.0 = Release|Any CPU
		{F270DEBC-C23E-4DA7-A09D-C850606C1588}.Debug|Any CPU.ActiveCfg = Debug|Any CPU
		{F270DEBC-C23E-4DA7-A09D-C850606C1588}.Debug|Any CPU.Build.0 = Debug|Any CPU
		{F270DEBC-C23E-4DA7-A09D-C850606C1588}.Debug|x86.ActiveCfg = Debug|Any CPU
		{F270DEBC-C23E-4DA7-A09D-C850606C1588}.Debug|x86.Build.0 = Debug|Any CPU
		{F270DEBC-C23E-4DA7-A09D-C850606C1588}.Release|Any CPU.ActiveCfg = Release|Any CPU
		{F270DEBC-C23E-4DA7-A09D-C850606C1588}.Release|Any CPU.Build.0 = Release|Any CPU
		{F270DEBC-C23E-4DA7-A09D-C850606C1588}.Release|x86.ActiveCfg = Release|Any CPU
		{F270DEBC-C23E-4DA7-A09D-C850606C1588}.Release|x86.Build.0 = Release|Any CPU
		{ED8E6661-5FF8-491D-8FCF-5F113767781B}.Debug|Any CPU.ActiveCfg = Debug|Any CPU
		{ED8E6661-5FF8-491D-8FCF-5F113767781B}.Debug|Any CPU.Build.0 = Debug|Any CPU
		{ED8E6661-5FF8-491D-8FCF-5F113767781B}.Debug|x86.ActiveCfg = Debug|Any CPU
		{ED8E6661-5FF8-491D-8FCF-5F113767781B}.Debug|x86.Build.0 = Debug|Any CPU
		{ED8E6661-5FF8-491D-8FCF-5F113767781B}.Release|Any CPU.ActiveCfg = Release|Any CPU
		{ED8E6661-5FF8-491D-8FCF-5F113767781B}.Release|Any CPU.Build.0 = Release|Any CPU
		{ED8E6661-5FF8-491D-8FCF-5F113767781B}.Release|x86.ActiveCfg = Release|Any CPU
		{ED8E6661-5FF8-491D-8FCF-5F113767781B}.Release|x86.Build.0 = Release|Any CPU
		{3CFD5B1C-9CB2-4810-B391-F744F9BC0DED}.Debug|Any CPU.ActiveCfg = Debug|Any CPU
		{3CFD5B1C-9CB2-4810-B391-F744F9BC0DED}.Debug|Any CPU.Build.0 = Debug|Any CPU
		{3CFD5B1C-9CB2-4810-B391-F744F9BC0DED}.Debug|x86.ActiveCfg = Debug|Any CPU
		{3CFD5B1C-9CB2-4810-B391-F744F9BC0DED}.Debug|x86.Build.0 = Debug|Any CPU
		{3CFD5B1C-9CB2-4810-B391-F744F9BC0DED}.Release|Any CPU.ActiveCfg = Release|Any CPU
		{3CFD5B1C-9CB2-4810-B391-F744F9BC0DED}.Release|Any CPU.Build.0 = Release|Any CPU
		{3CFD5B1C-9CB2-4810-B391-F744F9BC0DED}.Release|x86.ActiveCfg = Release|Any CPU
		{3CFD5B1C-9CB2-4810-B391-F744F9BC0DED}.Release|x86.Build.0 = Release|Any CPU
		{951DD712-B9AC-426E-8C7F-88CC09FDADB8}.Debug|Any CPU.ActiveCfg = Debug|Any CPU
		{951DD712-B9AC-426E-8C7F-88CC09FDADB8}.Debug|Any CPU.Build.0 = Debug|Any CPU
		{951DD712-B9AC-426E-8C7F-88CC09FDADB8}.Debug|x86.ActiveCfg = Debug|Any CPU
		{951DD712-B9AC-426E-8C7F-88CC09FDADB8}.Debug|x86.Build.0 = Debug|Any CPU
		{951DD712-B9AC-426E-8C7F-88CC09FDADB8}.Release|Any CPU.ActiveCfg = Release|Any CPU
		{951DD712-B9AC-426E-8C7F-88CC09FDADB8}.Release|Any CPU.Build.0 = Release|Any CPU
		{951DD712-B9AC-426E-8C7F-88CC09FDADB8}.Release|x86.ActiveCfg = Release|Any CPU
		{951DD712-B9AC-426E-8C7F-88CC09FDADB8}.Release|x86.Build.0 = Release|Any CPU
		{DDF72EA3-E18C-4745-AF5D-B98C6C1DEE5F}.Debug|Any CPU.ActiveCfg = Debug|Any CPU
		{DDF72EA3-E18C-4745-AF5D-B98C6C1DEE5F}.Debug|Any CPU.Build.0 = Debug|Any CPU
		{DDF72EA3-E18C-4745-AF5D-B98C6C1DEE5F}.Debug|x86.ActiveCfg = Debug|Any CPU
		{DDF72EA3-E18C-4745-AF5D-B98C6C1DEE5F}.Debug|x86.Build.0 = Debug|Any CPU
		{DDF72EA3-E18C-4745-AF5D-B98C6C1DEE5F}.Release|Any CPU.ActiveCfg = Release|Any CPU
		{DDF72EA3-E18C-4745-AF5D-B98C6C1DEE5F}.Release|Any CPU.Build.0 = Release|Any CPU
		{DDF72EA3-E18C-4745-AF5D-B98C6C1DEE5F}.Release|x86.ActiveCfg = Release|Any CPU
		{DDF72EA3-E18C-4745-AF5D-B98C6C1DEE5F}.Release|x86.Build.0 = Release|Any CPU
		{B29B6CC7-43D7-4F75-812E-8B5E841E74CC}.Debug|Any CPU.ActiveCfg = Debug|Any CPU
		{B29B6CC7-43D7-4F75-812E-8B5E841E74CC}.Debug|Any CPU.Build.0 = Debug|Any CPU
		{B29B6CC7-43D7-4F75-812E-8B5E841E74CC}.Debug|x86.ActiveCfg = Debug|Any CPU
		{B29B6CC7-43D7-4F75-812E-8B5E841E74CC}.Debug|x86.Build.0 = Debug|Any CPU
		{B29B6CC7-43D7-4F75-812E-8B5E841E74CC}.Release|Any CPU.ActiveCfg = Release|Any CPU
		{B29B6CC7-43D7-4F75-812E-8B5E841E74CC}.Release|Any CPU.Build.0 = Release|Any CPU
		{B29B6CC7-43D7-4F75-812E-8B5E841E74CC}.Release|x86.ActiveCfg = Release|Any CPU
		{B29B6CC7-43D7-4F75-812E-8B5E841E74CC}.Release|x86.Build.0 = Release|Any CPU
		{CA3A1825-3816-4F9A-904E-78C39343EE46}.Debug|Any CPU.ActiveCfg = Debug|Any CPU
		{CA3A1825-3816-4F9A-904E-78C39343EE46}.Debug|Any CPU.Build.0 = Debug|Any CPU
		{CA3A1825-3816-4F9A-904E-78C39343EE46}.Debug|x86.ActiveCfg = Debug|Any CPU
		{CA3A1825-3816-4F9A-904E-78C39343EE46}.Debug|x86.Build.0 = Debug|Any CPU
		{CA3A1825-3816-4F9A-904E-78C39343EE46}.Release|Any CPU.ActiveCfg = Release|Any CPU
		{CA3A1825-3816-4F9A-904E-78C39343EE46}.Release|Any CPU.Build.0 = Release|Any CPU
		{CA3A1825-3816-4F9A-904E-78C39343EE46}.Release|x86.ActiveCfg = Release|Any CPU
		{CA3A1825-3816-4F9A-904E-78C39343EE46}.Release|x86.Build.0 = Release|Any CPU
		{B1759273-7A26-4F44-9ABF-1D181BE80783}.Debug|Any CPU.ActiveCfg = Debug|Any CPU
		{B1759273-7A26-4F44-9ABF-1D181BE80783}.Debug|Any CPU.Build.0 = Debug|Any CPU
		{B1759273-7A26-4F44-9ABF-1D181BE80783}.Debug|x86.ActiveCfg = Debug|Any CPU
		{B1759273-7A26-4F44-9ABF-1D181BE80783}.Debug|x86.Build.0 = Debug|Any CPU
		{B1759273-7A26-4F44-9ABF-1D181BE80783}.Release|Any CPU.ActiveCfg = Release|Any CPU
		{B1759273-7A26-4F44-9ABF-1D181BE80783}.Release|Any CPU.Build.0 = Release|Any CPU
		{B1759273-7A26-4F44-9ABF-1D181BE80783}.Release|x86.ActiveCfg = Release|Any CPU
		{B1759273-7A26-4F44-9ABF-1D181BE80783}.Release|x86.Build.0 = Release|Any CPU
		{68A29C69-245D-4410-862F-2484CA514FAB}.Debug|Any CPU.ActiveCfg = Debug|Any CPU
		{68A29C69-245D-4410-862F-2484CA514FAB}.Debug|Any CPU.Build.0 = Debug|Any CPU
		{68A29C69-245D-4410-862F-2484CA514FAB}.Debug|x86.ActiveCfg = Debug|Any CPU
		{68A29C69-245D-4410-862F-2484CA514FAB}.Debug|x86.Build.0 = Debug|Any CPU
		{68A29C69-245D-4410-862F-2484CA514FAB}.Release|Any CPU.ActiveCfg = Release|Any CPU
		{68A29C69-245D-4410-862F-2484CA514FAB}.Release|Any CPU.Build.0 = Release|Any CPU
		{68A29C69-245D-4410-862F-2484CA514FAB}.Release|x86.ActiveCfg = Release|Any CPU
		{68A29C69-245D-4410-862F-2484CA514FAB}.Release|x86.Build.0 = Release|Any CPU
		{89EC6D84-7A5B-4B9C-AC1E-299EBD855749}.Debug|Any CPU.ActiveCfg = Debug|Any CPU
		{89EC6D84-7A5B-4B9C-AC1E-299EBD855749}.Debug|Any CPU.Build.0 = Debug|Any CPU
		{89EC6D84-7A5B-4B9C-AC1E-299EBD855749}.Debug|x86.ActiveCfg = Debug|Any CPU
		{89EC6D84-7A5B-4B9C-AC1E-299EBD855749}.Debug|x86.Build.0 = Debug|Any CPU
		{89EC6D84-7A5B-4B9C-AC1E-299EBD855749}.Release|Any CPU.ActiveCfg = Release|Any CPU
		{89EC6D84-7A5B-4B9C-AC1E-299EBD855749}.Release|Any CPU.Build.0 = Release|Any CPU
		{89EC6D84-7A5B-4B9C-AC1E-299EBD855749}.Release|x86.ActiveCfg = Release|Any CPU
		{89EC6D84-7A5B-4B9C-AC1E-299EBD855749}.Release|x86.Build.0 = Release|Any CPU
		{74E4DAEA-D453-4E2F-8582-1394324CDAF4}.Debug|Any CPU.ActiveCfg = Debug|Any CPU
		{74E4DAEA-D453-4E2F-8582-1394324CDAF4}.Debug|Any CPU.Build.0 = Debug|Any CPU
		{74E4DAEA-D453-4E2F-8582-1394324CDAF4}.Debug|x86.ActiveCfg = Debug|Any CPU
		{74E4DAEA-D453-4E2F-8582-1394324CDAF4}.Debug|x86.Build.0 = Debug|Any CPU
		{74E4DAEA-D453-4E2F-8582-1394324CDAF4}.Release|Any CPU.ActiveCfg = Release|Any CPU
		{74E4DAEA-D453-4E2F-8582-1394324CDAF4}.Release|Any CPU.Build.0 = Release|Any CPU
		{74E4DAEA-D453-4E2F-8582-1394324CDAF4}.Release|x86.ActiveCfg = Release|Any CPU
		{74E4DAEA-D453-4E2F-8582-1394324CDAF4}.Release|x86.Build.0 = Release|Any CPU
		{876B5798-2296-4AF9-9AB6-780F9D7CF7E4}.Debug|Any CPU.ActiveCfg = Debug|Any CPU
		{876B5798-2296-4AF9-9AB6-780F9D7CF7E4}.Debug|Any CPU.Build.0 = Debug|Any CPU
		{876B5798-2296-4AF9-9AB6-780F9D7CF7E4}.Debug|x86.ActiveCfg = Debug|Any CPU
		{876B5798-2296-4AF9-9AB6-780F9D7CF7E4}.Debug|x86.Build.0 = Debug|Any CPU
		{876B5798-2296-4AF9-9AB6-780F9D7CF7E4}.Release|Any CPU.ActiveCfg = Release|Any CPU
		{876B5798-2296-4AF9-9AB6-780F9D7CF7E4}.Release|Any CPU.Build.0 = Release|Any CPU
		{876B5798-2296-4AF9-9AB6-780F9D7CF7E4}.Release|x86.ActiveCfg = Release|Any CPU
		{876B5798-2296-4AF9-9AB6-780F9D7CF7E4}.Release|x86.Build.0 = Release|Any CPU
		{7C566CB1-1F1D-431F-B1D1-3D9E9F99380B}.Debug|Any CPU.ActiveCfg = Debug|Any CPU
		{7C566CB1-1F1D-431F-B1D1-3D9E9F99380B}.Debug|Any CPU.Build.0 = Debug|Any CPU
		{7C566CB1-1F1D-431F-B1D1-3D9E9F99380B}.Debug|x86.ActiveCfg = Debug|Any CPU
		{7C566CB1-1F1D-431F-B1D1-3D9E9F99380B}.Debug|x86.Build.0 = Debug|Any CPU
		{7C566CB1-1F1D-431F-B1D1-3D9E9F99380B}.Release|Any CPU.ActiveCfg = Release|Any CPU
		{7C566CB1-1F1D-431F-B1D1-3D9E9F99380B}.Release|Any CPU.Build.0 = Release|Any CPU
		{7C566CB1-1F1D-431F-B1D1-3D9E9F99380B}.Release|x86.ActiveCfg = Release|Any CPU
		{7C566CB1-1F1D-431F-B1D1-3D9E9F99380B}.Release|x86.Build.0 = Release|Any CPU
		{F69B98A2-400C-4CCC-AE80-E6CB0454A2EB}.Debug|Any CPU.ActiveCfg = Debug|Any CPU
		{F69B98A2-400C-4CCC-AE80-E6CB0454A2EB}.Debug|Any CPU.Build.0 = Debug|Any CPU
		{F69B98A2-400C-4CCC-AE80-E6CB0454A2EB}.Debug|x86.ActiveCfg = Debug|Any CPU
		{F69B98A2-400C-4CCC-AE80-E6CB0454A2EB}.Debug|x86.Build.0 = Debug|Any CPU
		{F69B98A2-400C-4CCC-AE80-E6CB0454A2EB}.Release|Any CPU.ActiveCfg = Release|Any CPU
		{F69B98A2-400C-4CCC-AE80-E6CB0454A2EB}.Release|Any CPU.Build.0 = Release|Any CPU
		{F69B98A2-400C-4CCC-AE80-E6CB0454A2EB}.Release|x86.ActiveCfg = Release|Any CPU
		{F69B98A2-400C-4CCC-AE80-E6CB0454A2EB}.Release|x86.Build.0 = Release|Any CPU
		{099C116A-1ED3-4A39-A4ED-E35D3F548DF3}.Debug|Any CPU.ActiveCfg = Debug|Any CPU
		{099C116A-1ED3-4A39-A4ED-E35D3F548DF3}.Debug|Any CPU.Build.0 = Debug|Any CPU
		{099C116A-1ED3-4A39-A4ED-E35D3F548DF3}.Debug|x86.ActiveCfg = Debug|Any CPU
		{099C116A-1ED3-4A39-A4ED-E35D3F548DF3}.Debug|x86.Build.0 = Debug|Any CPU
		{099C116A-1ED3-4A39-A4ED-E35D3F548DF3}.Release|Any CPU.ActiveCfg = Release|Any CPU
		{099C116A-1ED3-4A39-A4ED-E35D3F548DF3}.Release|Any CPU.Build.0 = Release|Any CPU
		{099C116A-1ED3-4A39-A4ED-E35D3F548DF3}.Release|x86.ActiveCfg = Release|Any CPU
		{099C116A-1ED3-4A39-A4ED-E35D3F548DF3}.Release|x86.Build.0 = Release|Any CPU
		{4CAC67D6-823B-45D1-A78E-7B8FFFE7DEF8}.Debug|Any CPU.ActiveCfg = Debug|Any CPU
		{4CAC67D6-823B-45D1-A78E-7B8FFFE7DEF8}.Debug|Any CPU.Build.0 = Debug|Any CPU
		{4CAC67D6-823B-45D1-A78E-7B8FFFE7DEF8}.Debug|x86.ActiveCfg = Debug|Any CPU
		{4CAC67D6-823B-45D1-A78E-7B8FFFE7DEF8}.Debug|x86.Build.0 = Debug|Any CPU
		{4CAC67D6-823B-45D1-A78E-7B8FFFE7DEF8}.Release|Any CPU.ActiveCfg = Release|Any CPU
		{4CAC67D6-823B-45D1-A78E-7B8FFFE7DEF8}.Release|Any CPU.Build.0 = Release|Any CPU
		{4CAC67D6-823B-45D1-A78E-7B8FFFE7DEF8}.Release|x86.ActiveCfg = Release|Any CPU
		{4CAC67D6-823B-45D1-A78E-7B8FFFE7DEF8}.Release|x86.Build.0 = Release|Any CPU
		{2B9EBF14-F3AD-4CE9-A26A-1CB75D585427}.Debug|Any CPU.ActiveCfg = Debug|Any CPU
		{2B9EBF14-F3AD-4CE9-A26A-1CB75D585427}.Debug|Any CPU.Build.0 = Debug|Any CPU
		{2B9EBF14-F3AD-4CE9-A26A-1CB75D585427}.Debug|x86.ActiveCfg = Debug|Any CPU
		{2B9EBF14-F3AD-4CE9-A26A-1CB75D585427}.Debug|x86.Build.0 = Debug|Any CPU
		{2B9EBF14-F3AD-4CE9-A26A-1CB75D585427}.Release|Any CPU.ActiveCfg = Release|Any CPU
		{2B9EBF14-F3AD-4CE9-A26A-1CB75D585427}.Release|Any CPU.Build.0 = Release|Any CPU
		{2B9EBF14-F3AD-4CE9-A26A-1CB75D585427}.Release|x86.ActiveCfg = Release|Any CPU
		{2B9EBF14-F3AD-4CE9-A26A-1CB75D585427}.Release|x86.Build.0 = Release|Any CPU
		{C133B2E5-122B-4204-A7A5-1AD01DE6F3B5}.Debug|Any CPU.ActiveCfg = Debug|Any CPU
		{C133B2E5-122B-4204-A7A5-1AD01DE6F3B5}.Debug|Any CPU.Build.0 = Debug|Any CPU
		{C133B2E5-122B-4204-A7A5-1AD01DE6F3B5}.Debug|x86.ActiveCfg = Debug|Any CPU
		{C133B2E5-122B-4204-A7A5-1AD01DE6F3B5}.Debug|x86.Build.0 = Debug|Any CPU
		{C133B2E5-122B-4204-A7A5-1AD01DE6F3B5}.Release|Any CPU.ActiveCfg = Release|Any CPU
		{C133B2E5-122B-4204-A7A5-1AD01DE6F3B5}.Release|Any CPU.Build.0 = Release|Any CPU
		{C133B2E5-122B-4204-A7A5-1AD01DE6F3B5}.Release|x86.ActiveCfg = Release|Any CPU
		{C133B2E5-122B-4204-A7A5-1AD01DE6F3B5}.Release|x86.Build.0 = Release|Any CPU
		{F7B9B9B4-C3BE-43F6-BAF6-84FD0C719982}.Debug|Any CPU.ActiveCfg = Debug|Any CPU
		{F7B9B9B4-C3BE-43F6-BAF6-84FD0C719982}.Debug|Any CPU.Build.0 = Debug|Any CPU
		{F7B9B9B4-C3BE-43F6-BAF6-84FD0C719982}.Debug|x86.ActiveCfg = Debug|Any CPU
		{F7B9B9B4-C3BE-43F6-BAF6-84FD0C719982}.Debug|x86.Build.0 = Debug|Any CPU
		{F7B9B9B4-C3BE-43F6-BAF6-84FD0C719982}.Release|Any CPU.ActiveCfg = Release|Any CPU
		{F7B9B9B4-C3BE-43F6-BAF6-84FD0C719982}.Release|Any CPU.Build.0 = Release|Any CPU
		{F7B9B9B4-C3BE-43F6-BAF6-84FD0C719982}.Release|x86.ActiveCfg = Release|Any CPU
		{F7B9B9B4-C3BE-43F6-BAF6-84FD0C719982}.Release|x86.Build.0 = Release|Any CPU
		{6E404CB0-A313-4E44-9077-8242A6C72DD0}.Debug|Any CPU.ActiveCfg = Debug|Any CPU
		{6E404CB0-A313-4E44-9077-8242A6C72DD0}.Debug|Any CPU.Build.0 = Debug|Any CPU
		{6E404CB0-A313-4E44-9077-8242A6C72DD0}.Debug|x86.ActiveCfg = Debug|Any CPU
		{6E404CB0-A313-4E44-9077-8242A6C72DD0}.Debug|x86.Build.0 = Debug|Any CPU
		{6E404CB0-A313-4E44-9077-8242A6C72DD0}.Release|Any CPU.ActiveCfg = Release|Any CPU
		{6E404CB0-A313-4E44-9077-8242A6C72DD0}.Release|Any CPU.Build.0 = Release|Any CPU
		{6E404CB0-A313-4E44-9077-8242A6C72DD0}.Release|x86.ActiveCfg = Release|Any CPU
		{6E404CB0-A313-4E44-9077-8242A6C72DD0}.Release|x86.Build.0 = Release|Any CPU
		{9A8A946C-422C-404A-B2D1-3567290CB91B}.Debug|Any CPU.ActiveCfg = Debug|Any CPU
		{9A8A946C-422C-404A-B2D1-3567290CB91B}.Debug|Any CPU.Build.0 = Debug|Any CPU
		{9A8A946C-422C-404A-B2D1-3567290CB91B}.Debug|x86.ActiveCfg = Debug|Any CPU
		{9A8A946C-422C-404A-B2D1-3567290CB91B}.Debug|x86.Build.0 = Debug|Any CPU
		{9A8A946C-422C-404A-B2D1-3567290CB91B}.Release|Any CPU.ActiveCfg = Release|Any CPU
		{9A8A946C-422C-404A-B2D1-3567290CB91B}.Release|Any CPU.Build.0 = Release|Any CPU
		{9A8A946C-422C-404A-B2D1-3567290CB91B}.Release|x86.ActiveCfg = Release|Any CPU
		{9A8A946C-422C-404A-B2D1-3567290CB91B}.Release|x86.Build.0 = Release|Any CPU
		{8FBA461C-52D3-4489-8516-295934111D79}.Debug|Any CPU.ActiveCfg = Debug|Any CPU
		{8FBA461C-52D3-4489-8516-295934111D79}.Debug|Any CPU.Build.0 = Debug|Any CPU
		{8FBA461C-52D3-4489-8516-295934111D79}.Debug|x86.ActiveCfg = Debug|Any CPU
		{8FBA461C-52D3-4489-8516-295934111D79}.Debug|x86.Build.0 = Debug|Any CPU
		{8FBA461C-52D3-4489-8516-295934111D79}.Release|Any CPU.ActiveCfg = Release|Any CPU
		{8FBA461C-52D3-4489-8516-295934111D79}.Release|Any CPU.Build.0 = Release|Any CPU
		{8FBA461C-52D3-4489-8516-295934111D79}.Release|x86.ActiveCfg = Release|Any CPU
		{8FBA461C-52D3-4489-8516-295934111D79}.Release|x86.Build.0 = Release|Any CPU
		{E9009906-855F-40D8-BBB9-750B7370DA71}.Debug|Any CPU.ActiveCfg = Debug|Any CPU
		{E9009906-855F-40D8-BBB9-750B7370DA71}.Debug|Any CPU.Build.0 = Debug|Any CPU
		{E9009906-855F-40D8-BBB9-750B7370DA71}.Debug|x86.ActiveCfg = Debug|Any CPU
		{E9009906-855F-40D8-BBB9-750B7370DA71}.Debug|x86.Build.0 = Debug|Any CPU
		{E9009906-855F-40D8-BBB9-750B7370DA71}.Release|Any CPU.ActiveCfg = Release|Any CPU
		{E9009906-855F-40D8-BBB9-750B7370DA71}.Release|Any CPU.Build.0 = Release|Any CPU
		{E9009906-855F-40D8-BBB9-750B7370DA71}.Release|x86.ActiveCfg = Release|Any CPU
		{E9009906-855F-40D8-BBB9-750B7370DA71}.Release|x86.Build.0 = Release|Any CPU
		{73C94E3B-A951-4F73-8D70-7C5C35E3D56A}.Debug|Any CPU.ActiveCfg = Debug|Any CPU
		{73C94E3B-A951-4F73-8D70-7C5C35E3D56A}.Debug|Any CPU.Build.0 = Debug|Any CPU
		{73C94E3B-A951-4F73-8D70-7C5C35E3D56A}.Debug|x86.ActiveCfg = Debug|Any CPU
		{73C94E3B-A951-4F73-8D70-7C5C35E3D56A}.Debug|x86.Build.0 = Debug|Any CPU
		{73C94E3B-A951-4F73-8D70-7C5C35E3D56A}.Release|Any CPU.ActiveCfg = Release|Any CPU
		{73C94E3B-A951-4F73-8D70-7C5C35E3D56A}.Release|Any CPU.Build.0 = Release|Any CPU
		{73C94E3B-A951-4F73-8D70-7C5C35E3D56A}.Release|x86.ActiveCfg = Release|Any CPU
		{73C94E3B-A951-4F73-8D70-7C5C35E3D56A}.Release|x86.Build.0 = Release|Any CPU
		{8661B8B8-8BA8-415B-8437-D6AE674460E5}.Debug|Any CPU.ActiveCfg = Debug|Any CPU
		{8661B8B8-8BA8-415B-8437-D6AE674460E5}.Debug|Any CPU.Build.0 = Debug|Any CPU
		{8661B8B8-8BA8-415B-8437-D6AE674460E5}.Debug|x86.ActiveCfg = Debug|Any CPU
		{8661B8B8-8BA8-415B-8437-D6AE674460E5}.Debug|x86.Build.0 = Debug|Any CPU
		{8661B8B8-8BA8-415B-8437-D6AE674460E5}.Release|Any CPU.ActiveCfg = Release|Any CPU
		{8661B8B8-8BA8-415B-8437-D6AE674460E5}.Release|Any CPU.Build.0 = Release|Any CPU
		{8661B8B8-8BA8-415B-8437-D6AE674460E5}.Release|x86.ActiveCfg = Release|Any CPU
		{8661B8B8-8BA8-415B-8437-D6AE674460E5}.Release|x86.Build.0 = Release|Any CPU
		{FF5FC4EB-1ACC-47D4-AA31-B3CF40339D56}.Debug|Any CPU.ActiveCfg = Debug|Any CPU
		{FF5FC4EB-1ACC-47D4-AA31-B3CF40339D56}.Debug|Any CPU.Build.0 = Debug|Any CPU
		{FF5FC4EB-1ACC-47D4-AA31-B3CF40339D56}.Debug|x86.ActiveCfg = Debug|Any CPU
		{FF5FC4EB-1ACC-47D4-AA31-B3CF40339D56}.Debug|x86.Build.0 = Debug|Any CPU
		{FF5FC4EB-1ACC-47D4-AA31-B3CF40339D56}.Release|Any CPU.ActiveCfg = Release|Any CPU
		{FF5FC4EB-1ACC-47D4-AA31-B3CF40339D56}.Release|Any CPU.Build.0 = Release|Any CPU
		{FF5FC4EB-1ACC-47D4-AA31-B3CF40339D56}.Release|x86.ActiveCfg = Release|Any CPU
		{FF5FC4EB-1ACC-47D4-AA31-B3CF40339D56}.Release|x86.Build.0 = Release|Any CPU
	EndGlobalSection
	GlobalSection(SolutionProperties) = preSolution
		HideSolutionNode = FALSE
	EndGlobalSection
EndGlobal
